
Microsoft Visual Studio Solution File, Format Version 12.00
# Visual Studio Version 16
VisualStudioVersion = 16.0.29509.3
MinimumVisualStudioVersion = 10.0.40219.1
Project("{FAE04EC0-301F-11D3-BF4B-00C04F79EFBC}") = "WPFUI", "WPFUI\WPFUI.csproj", "{C5DE7C3D-1B5C-4629-943E-D19795ABDE36}"
EndProject
Global
	GlobalSection(SolutionConfigurationPlatforms) = preSolution
		Debug|Any CPU = Debug|Any CPU
		Release|Any CPU = Release|Any CPU
	EndGlobalSection
	GlobalSection(ProjectConfigurationPlatforms) = postSolution
		{C5DE7C3D-1B5C-4629-943E-D19795ABDE36}.Debug|Any CPU.ActiveCfg = Debug|Any CPU
		{C5DE7C3D-1B5C-4629-943E-D19795ABDE36}.Debug|Any CPU.Build.0 = Debug|Any CPU
		{C5DE7C3D-1B5C-4629-943E-D19795ABDE36}.Release|Any CPU.ActiveCfg = Release|Any CPU
		{C5DE7C3D-1B5C-4629-943E-D19795ABDE36}.Release|Any CPU.Build.0 = Release|Any CPU
	EndGlobalSection
	GlobalSection(SolutionProperties) = preSolution
		HideSolutionNode = FALSE
	EndGlobalSection
	GlobalSection(ExtensibilityGlobals) = postSolution
		SolutionGuid = {58A1A5A8-7B4A-48D2-9A30-F10DCA5E1361}
	EndGlobalSection
EndGlobal
